// !$*UTF8*$!
{
	archiveVersion = 1;
	classes = {
	};
	objectVersion = 56;
	objects = {

/* Begin PBXBuildFile section */
		5B42F6152A4093F8003D735E /* SecondViewController.swift in Sources */ = {isa = PBXBuildFile; fileRef = 5B42F6142A4093F8003D735E /* SecondViewController.swift */; };
		5BBDB3012A4063C3007B5184 /* AppDelegate.swift in Sources */ = {isa = PBXBuildFile; fileRef = 5BBDB3002A4063C3007B5184 /* AppDelegate.swift */; };
		5BBDB3032A4063C3007B5184 /* SceneDelegate.swift in Sources */ = {isa = PBXBuildFile; fileRef = 5BBDB3022A4063C3007B5184 /* SceneDelegate.swift */; };
		5BBDB3052A4063C3007B5184 /* ViewController.swift in Sources */ = {isa = PBXBuildFile; fileRef = 5BBDB3042A4063C3007B5184 /* ViewController.swift */; };
		5BBDB3082A4063C3007B5184 /* Main.storyboard in Resources */ = {isa = PBXBuildFile; fileRef = 5BBDB3062A4063C3007B5184 /* Main.storyboard */; };
		5BBDB30A2A4063C6007B5184 /* Assets.xcassets in Resources */ = {isa = PBXBuildFile; fileRef = 5BBDB3092A4063C6007B5184 /* Assets.xcassets */; };
		5BBDB30D2A4063C6007B5184 /* LaunchScreen.storyboard in Resources */ = {isa = PBXBuildFile; fileRef = 5BBDB30B2A4063C6007B5184 /* LaunchScreen.storyboard */; };
		5BBDB3152A4063E4007B5184 /* sample.json in Resources */ = {isa = PBXBuildFile; fileRef = 5BBDB3142A4063E3007B5184 /* sample.json */; };
		5BBDB3172A4063FC007B5184 /* BaseClass.swift in Sources */ = {isa = PBXBuildFile; fileRef = 5BBDB3162A4063FC007B5184 /* BaseClass.swift */; };
		5BBDB31B2A407018007B5184 /* MyTableViewCell.swift in Sources */ = {isa = PBXBuildFile; fileRef = 5BBDB31A2A407018007B5184 /* MyTableViewCell.swift */; };
/* End PBXBuildFile section */

/* Begin PBXFileReference section */
		5B42F6142A4093F8003D735E /* SecondViewController.swift */ = {isa = PBXFileReference; lastKnownFileType = sourcecode.swift; path = SecondViewController.swift; sourceTree = "<group>"; };
		5BBDB2FD2A4063C3007B5184 /* jsonData.app */ = {isa = PBXFileReference; explicitFileType = wrapper.application; includeInIndex = 0; path = jsonData.app; sourceTree = BUILT_PRODUCTS_DIR; };
		5BBDB3002A4063C3007B5184 /* AppDelegate.swift */ = {isa = PBXFileReference; lastKnownFileType = sourcecode.swift; path = AppDelegate.swift; sourceTree = "<group>"; };
		5BBDB3022A4063C3007B5184 /* SceneDelegate.swift */ = {isa = PBXFileReference; lastKnownFileType = sourcecode.swift; path = SceneDelegate.swift; sourceTree = "<group>"; };
		5BBDB3042A4063C3007B5184 /* ViewController.swift */ = {isa = PBXFileReference; lastKnownFileType = sourcecode.swift; path = ViewController.swift; sourceTree = "<group>"; };
		5BBDB3072A4063C3007B5184 /* Base */ = {isa = PBXFileReference; lastKnownFileType = file.storyboard; name = Base; path = Base.lproj/Main.storyboard; sourceTree = "<group>"; };
		5BBDB3092A4063C6007B5184 /* Assets.xcassets */ = {isa = PBXFileReference; lastKnownFileType = folder.assetcatalog; path = Assets.xcassets; sourceTree = "<group>"; };
		5BBDB30C2A4063C6007B5184 /* Base */ = {isa = PBXFileReference; lastKnownFileType = file.storyboard; name = Base; path = Base.lproj/LaunchScreen.storyboard; sourceTree = "<group>"; };
		5BBDB30E2A4063C6007B5184 /* Info.plist */ = {isa = PBXFileReference; lastKnownFileType = text.plist.xml; path = Info.plist; sourceTree = "<group>"; };
		5BBDB3142A4063E3007B5184 /* sample.json */ = {isa = PBXFileReference; fileEncoding = 4; lastKnownFileType = text.json; path = sample.json; sourceTree = "<group>"; };
		5BBDB3162A4063FC007B5184 /* BaseClass.swift */ = {isa = PBXFileReference; lastKnownFileType = sourcecode.swift; path = BaseClass.swift; sourceTree = "<group>"; };
		5BBDB31A2A407018007B5184 /* MyTableViewCell.swift */ = {isa = PBXFileReference; lastKnownFileType = sourcecode.swift; path = MyTableViewCell.swift; sourceTree = "<group>"; };
/* End PBXFileReference section */

/* Begin PBXFrameworksBuildPhase section */
		5BBDB2FA2A4063C3007B5184 /* Frameworks */ = {
			isa = PBXFrameworksBuildPhase;
			buildActionMask = 2147483647;
			files = (
			);
			runOnlyForDeploymentPostprocessing = 0;
		};
/* End PBXFrameworksBuildPhase section */

/* Begin PBXGroup section */
		5BBDB2F42A4063C3007B5184 = {
			isa = PBXGroup;
			children = (
				5BBDB2FF2A4063C3007B5184 /* jsonData */,
				5BBDB2FE2A4063C3007B5184 /* Products */,
			);
			sourceTree = "<group>";
		};
		5BBDB2FE2A4063C3007B5184 /* Products */ = {
			isa = PBXGroup;
			children = (
				5BBDB2FD2A4063C3007B5184 /* jsonData.app */,
			);
			name = Products;
			sourceTree = "<group>";
		};
		5BBDB2FF2A4063C3007B5184 /* jsonData */ = {
			isa = PBXGroup;
			children = (
				5BBDB31A2A407018007B5184 /* MyTableViewCell.swift */,
				5BBDB3142A4063E3007B5184 /* sample.json */,
				5BBDB3002A4063C3007B5184 /* AppDelegate.swift */,
				5BBDB3022A4063C3007B5184 /* SceneDelegate.swift */,
				5BBDB3042A4063C3007B5184 /* ViewController.swift */,
				5BBDB3062A4063C3007B5184 /* Main.storyboard */,
				5B42F6142A4093F8003D735E /* SecondViewController.swift */,
				5BBDB3162A4063FC007B5184 /* BaseClass.swift */,
				5BBDB3092A4063C6007B5184 /* Assets.xcassets */,
				5BBDB30B2A4063C6007B5184 /* LaunchScreen.storyboard */,
				5BBDB30E2A4063C6007B5184 /* Info.plist */,
			);
			path = jsonData;
			sourceTree = "<group>";
		};
/* End PBXGroup section */

/* Begin PBXNativeTarget section */
		5BBDB2FC2A4063C3007B5184 /* jsonData */ = {
			isa = PBXNativeTarget;
			buildConfigurationList = 5BBDB3112A4063C6007B5184 /* Build configuration list for PBXNativeTarget "jsonData" */;
			buildPhases = (
				5BBDB2F92A4063C3007B5184 /* Sources */,
				5BBDB2FA2A4063C3007B5184 /* Frameworks */,
				5BBDB2FB2A4063C3007B5184 /* Resources */,
			);
			buildRules = (
			);
			dependencies = (
			);
			name = jsonData;
			productName = jsonData;
			productReference = 5BBDB2FD2A4063C3007B5184 /* jsonData.app */;
			productType = "com.apple.product-type.application";
		};
/* End PBXNativeTarget section */

/* Begin PBXProject section */
		5BBDB2F52A4063C3007B5184 /* Project object */ = {
			isa = PBXProject;
			attributes = {
				BuildIndependentTargetsInParallel = 1;
				LastSwiftUpdateCheck = 1420;
				LastUpgradeCheck = 1420;
				TargetAttributes = {
					5BBDB2FC2A4063C3007B5184 = {
						CreatedOnToolsVersion = 14.2;
					};
				};
			};
			buildConfigurationList = 5BBDB2F82A4063C3007B5184 /* Build configuration list for PBXProject "jsonData" */;
			compatibilityVersion = "Xcode 14.0";
			developmentRegion = en;
			hasScannedForEncodings = 0;
			knownRegions = (
				en,
				Base,
			);
			mainGroup = 5BBDB2F42A4063C3007B5184;
			productRefGroup = 5BBDB2FE2A4063C3007B5184 /* Products */;
			projectDirPath = "";
			projectRoot = "";
			targets = (
				5BBDB2FC2A4063C3007B5184 /* jsonData */,
			);
		};
/* End PBXProject section */

/* Begin PBXResourcesBuildPhase section */
		5BBDB2FB2A4063C3007B5184 /* Resources */ = {
			isa = PBXResourcesBuildPhase;
			buildActionMask = 2147483647;
			files = (
				5BBDB30D2A4063C6007B5184 /* LaunchScreen.storyboard in Resources */,
				5BBDB3152A4063E4007B5184 /* sample.json in Resources */,
				5BBDB30A2A4063C6007B5184 /* Assets.xcassets in Resources */,
				5BBDB3082A4063C3007B5184 /* Main.storyboard in Resources */,
			);
			runOnlyForDeploymentPostprocessing = 0;
		};
/* End PBXResourcesBuildPhase section */

/* Begin PBXSourcesBuildPhase section */
		5BBDB2F92A4063C3007B5184 /* Sources */ = {
			isa = PBXSourcesBuildPhase;
			buildActionMask = 2147483647;
			files = (
				5B42F6152A4093F8003D735E /* SecondViewController.swift in Sources */,
				5BBDB3052A4063C3007B5184 /* ViewController.swift in Sources */,
				5BBDB3012A4063C3007B5184 /* AppDelegate.swift in Sources */,
				5BBDB3032A4063C3007B5184 /* SceneDelegate.swift in Sources */,
				5BBDB31B2A407018007B5184 /* MyTableViewCell.swift in Sources */,
				5BBDB3172A4063FC007B5184 /* BaseClass.swift in Sources */,
			);
			runOnlyForDeploymentPostprocessing = 0;
		};
/* End PBXSourcesBuildPhase section */

/* Begin PBXVariantGroup section */
		5BBDB3062A4063C3007B5184 /* Main.storyboard */ = {
			isa = PBXVariantGroup;
			children = (
				5BBDB3072A4063C3007B5184 /* Base */,
			);
			name = Main.storyboard;
			sourceTree = "<group>";
		};
		5BBDB30B2A4063C6007B5184 /* LaunchScreen.storyboard */ = {
			isa = PBXVariantGroup;
			children = (
				5BBDB30C2A4063C6007B5184 /* Base */,
			);
			name = LaunchScreen.storyboard;
			sourceTree = "<group>";
		};
/* End PBXVariantGroup section */

/* Begin XCBuildConfiguration section */
		5BBDB30F2A4063C6007B5184 /* Debug */ = {
			isa = XCBuildConfiguration;
			buildSettings = {
				ALWAYS_SEARCH_USER_PATHS = NO;
				CLANG_ANALYZER_NONNULL = YES;
				CLANG_ANALYZER_NUMBER_OBJECT_CONVERSION = YES_AGGRESSIVE;
				CLANG_CXX_LANGUAGE_STANDARD = "gnu++20";
				CLANG_ENABLE_MODULES = YES;
				CLANG_ENABLE_OBJC_ARC = YES;
				CLANG_ENABLE_OBJC_WEAK = YES;
				CLANG_WARN_BLOCK_CAPTURE_AUTORELEASING = YES;
				CLANG_WARN_BOOL_CONVERSION = YES;
				CLANG_WARN_COMMA = YES;
				CLANG_WARN_CONSTANT_CONVERSION = YES;
				CLANG_WARN_DEPRECATED_OBJC_IMPLEMENTATIONS = YES;
				CLANG_WARN_DIRECT_OBJC_ISA_USAGE = YES_ERROR;
				CLANG_WARN_DOCUMENTATION_COMMENTS = YES;
				CLANG_WARN_EMPTY_BODY = YES;
				CLANG_WARN_ENUM_CONVERSION = YES;
				CLANG_WARN_INFINITE_RECURSION = YES;
				CLANG_WARN_INT_CONVERSION = YES;
				CLANG_WARN_NON_LITERAL_NULL_CONVERSION = YES;
				CLANG_WARN_OBJC_IMPLICIT_RETAIN_SELF = YES;
				CLANG_WARN_OBJC_LITERAL_CONVERSION = YES;
				CLANG_WARN_OBJC_ROOT_CLASS = YES_ERROR;
				CLANG_WARN_QUOTED_INCLUDE_IN_FRAMEWORK_HEADER = YES;
				CLANG_WARN_RANGE_LOOP_ANALYSIS = YES;
				CLANG_WARN_STRICT_PROTOTYPES = YES;
				CLANG_WARN_SUSPICIOUS_MOVE = YES;
				CLANG_WARN_UNGUARDED_AVAILABILITY = YES_AGGRESSIVE;
				CLANG_WARN_UNREACHABLE_CODE = YES;
				CLANG_WARN__DUPLICATE_METHOD_MATCH = YES;
				COPY_PHASE_STRIP = NO;
				DEBUG_INFORMATION_FORMAT = dwarf;
				ENABLE_STRICT_OBJC_MSGSEND = YES;
				ENABLE_TESTABILITY = YES;
				GCC_C_LANGUAGE_STANDARD = gnu11;
				GCC_DYNAMIC_NO_PIC = NO;
				GCC_NO_COMMON_BLOCKS = YES;
				GCC_OPTIMIZATION_LEVEL = 0;
				GCC_PREPROCESSOR_DEFINITIONS = (
					"DEBUG=1",
					"$(inherited)",
				);
				GCC_WARN_64_TO_32_BIT_CONVERSION = YES;
				GCC_WARN_ABOUT_RETURN_TYPE = YES_ERROR;
				GCC_WARN_UNDECLARED_SELECTOR = YES;
				GCC_WARN_UNINITIALIZED_AUTOS = YES_AGGRESSIVE;
				GCC_WARN_UNUSED_FUNCTION = YES;
				GCC_WARN_UNUSED_VARIABLE = YES;
				IPHONEOS_DEPLOYMENT_TARGET = 16.2;
				MTL_ENABLE_DEBUG_INFO = INCLUDE_SOURCE;
				MTL_FAST_MATH = YES;
				ONLY_ACTIVE_ARCH = YES;
				SDKROOT = iphoneos;
				SWIFT_ACTIVE_COMPILATION_CONDITIONS = DEBUG;
				SWIFT_OPTIMIZATION_LEVEL = "-Onone";
			};
			name = Debug;
		};
		5BBDB3102A4063C6007B5184 /* Release */ = {
			isa = XCBuildConfiguration;
			buildSettings = {
				ALWAYS_SEARCH_USER_PATHS = NO;
				CLANG_ANALYZER_NONNULL = YES;
				CLANG_ANALYZER_NUMBER_OBJECT_CONVERSION = YES_AGGRESSIVE;
				CLANG_CXX_LANGUAGE_STANDARD = "gnu++20";
				CLANG_ENABLE_MODULES = YES;
				CLANG_ENABLE_OBJC_ARC = YES;
				CLANG_ENABLE_OBJC_WEAK = YES;
				CLANG_WARN_BLOCK_CAPTURE_AUTORELEASING = YES;
				CLANG_WARN_BOOL_CONVERSION = YES;
				CLANG_WARN_COMMA = YES;
				CLANG_WARN_CONSTANT_CONVERSION = YES;
				CLANG_WARN_DEPRECATED_OBJC_IMPLEMENTATIONS = YES;
				CLANG_WARN_DIRECT_OBJC_ISA_USAGE = YES_ERROR;
				CLANG_WARN_DOCUMENTATION_COMMENTS = YES;
				CLANG_WARN_EMPTY_BODY = YES;
				CLANG_WARN_ENUM_CONVERSION = YES;
				CLANG_WARN_INFINITE_RECURSION = YES;
				CLANG_WARN_INT_CONVERSION = YES;
				CLANG_WARN_NON_LITERAL_NULL_CONVERSION = YES;
				CLANG_WARN_OBJC_IMPLICIT_RETAIN_SELF = YES;
				CLANG_WARN_OBJC_LITERAL_CONVERSION = YES;
				CLANG_WARN_OBJC_ROOT_CLASS = YES_ERROR;
				CLANG_WARN_QUOTED_INCLUDE_IN_FRAMEWORK_HEADER = YES;
				CLANG_WARN_RANGE_LOOP_ANALYSIS = YES;
				CLANG_WARN_STRICT_PROTOTYPES = YES;
				CLANG_WARN_SUSPICIOUS_MOVE = YES;
				CLANG_WARN_UNGUARDED_AVAILABILITY = YES_AGGRESSIVE;
				CLANG_WARN_UNREACHABLE_CODE = YES;
				CLANG_WARN__DUPLICATE_METHOD_MATCH = YES;
				COPY_PHASE_STRIP = NO;
				DEBUG_INFORMATION_FORMAT = "dwarf-with-dsym";
				ENABLE_NS_ASSERTIONS = NO;
				ENABLE_STRICT_OBJC_MSGSEND = YES;
				GCC_C_LANGUAGE_STANDARD = gnu11;
				GCC_NO_COMMON_BLOCKS = YES;
				GCC_WARN_64_TO_32_BIT_CONVERSION = YES;
				GCC_WARN_ABOUT_RETURN_TYPE = YES_ERROR;
				GCC_WARN_UNDECLARED_SELECTOR = YES;
				GCC_WARN_UNINITIALIZED_AUTOS = YES_AGGRESSIVE;
				GCC_WARN_UNUSED_FUNCTION = YES;
				GCC_WARN_UNUSED_VARIABLE = YES;
				IPHONEOS_DEPLOYMENT_TARGET = 16.2;
				MTL_ENABLE_DEBUG_INFO = NO;
				MTL_FAST_MATH = YES;
				SDKROOT = iphoneos;
				SWIFT_COMPILATION_MODE = wholemodule;
				SWIFT_OPTIMIZATION_LEVEL = "-O";
				VALIDATE_PRODUCT = YES;
			};
			name = Release;
		};
		5BBDB3122A4063C6007B5184 /* Debug */ = {
			isa = XCBuildConfiguration;
			buildSettings = {
				ASSETCATALOG_COMPILER_APPICON_NAME = AppIcon;
				ASSETCATALOG_COMPILER_GLOBAL_ACCENT_COLOR_NAME = AccentColor;
				CODE_SIGN_STYLE = Automatic;
				CURRENT_PROJECT_VERSION = 1;
				GENERATE_INFOPLIST_FILE = YES;
				INFOPLIST_FILE = jsonData/Info.plist;
				INFOPLIST_KEY_UIApplicationSupportsIndirectInputEvents = YES;
				INFOPLIST_KEY_UILaunchStoryboardName = LaunchScreen;
				INFOPLIST_KEY_UIMainStoryboardFile = Main;
				INFOPLIST_KEY_UISupportedInterfaceOrientations_iPad = "UIInterfaceOrientationPortrait UIInterfaceOrientationPortraitUpsideDown UIInterfaceOrientationLandscapeLeft UIInterfaceOrientationLandscapeRight";
				INFOPLIST_KEY_UISupportedInterfaceOrientations_iPhone = "UIInterfaceOrientationPortrait UIInterfaceOrientationLandscapeLeft UIInterfaceOrientationLandscapeRight";
				LD_RUNPATH_SEARCH_PATHS = (
					"$(inherited)",
					"@executable_path/Frameworks",
				);
				MARKETING_VERSION = 1.0;
				PRODUCT_BUNDLE_IDENTIFIER = Admin.jsonData;
				PRODUCT_NAME = "$(TARGET_NAME)";
				SWIFT_EMIT_LOC_STRINGS = YES;
				SWIFT_VERSION = 5.0;
				TARGETED_DEVICE_FAMILY = "1,2";
			};
			name = Debug;
		};
		5BBDB3132A4063C6007B5184 /* Release */ = {
			isa = XCBuildConfiguration;
			buildSettings = {
				ASSETCATALOG_COMPILER_APPICON_NAME = AppIcon;
				ASSETCATALOG_COMPILER_GLOBAL_ACCENT_COLOR_NAME = AccentColor;
				CODE_SIGN_STYLE = Automatic;
				CURRENT_PROJECT_VERSION = 1;
				GENERATE_INFOPLIST_FILE = YES;
				INFOPLIST_FILE = jsonData/Info.plist;
				INFOPLIST_KEY_UIApplicationSupportsIndirectInputEvents = YES;
				INFOPLIST_KEY_UILaunchStoryboardName = LaunchScreen;
				INFOPLIST_KEY_UIMainStoryboardFile = Main;
				INFOPLIST_KEY_UISupportedInterfaceOrientations_iPad = "UIInterfaceOrientationPortrait UIInterfaceOrientationPortraitUpsideDown UIInterfaceOrientationLandscapeLeft UIInterfaceOrientationLandscapeRight";
				INFOPLIST_KEY_UISupportedInterfaceOrientations_iPhone = "UIInterfaceOrientationPortrait UIInterfaceOrientationLandscapeLeft UIInterfaceOrientationLandscapeRight";
				LD_RUNPATH_SEARCH_PATHS = (
					"$(inherited)",
					"@executable_path/Frameworks",
				);
				MARKETING_VERSION = 1.0;
				PRODUCT_BUNDLE_IDENTIFIER = Admin.jsonData;
				PRODUCT_NAME = "$(TARGET_NAME)";
				SWIFT_EMIT_LOC_STRINGS = YES;
				SWIFT_VERSION = 5.0;
				TARGETED_DEVICE_FAMILY = "1,2";
			};
			name = Release;
		};
/* End XCBuildConfiguration section */

/* Begin XCConfigurationList section */
		5BBDB2F82A4063C3007B5184 /* Build configuration list for PBXProject "jsonData" */ = {
			isa = XCConfigurationList;
			buildConfigurations = (
				5BBDB30F2A4063C6007B5184 /* Debug */,
				5BBDB3102A4063C6007B5184 /* Release */,
			);
			defaultConfigurationIsVisible = 0;
			defaultConfigurationName = Release;
		};
		5BBDB3112A4063C6007B5184 /* Build configuration list for PBXNativeTarget "jsonData" */ = {
			isa = XCConfigurationList;
			buildConfigurations = (
				5BBDB3122A4063C6007B5184 /* Debug */,
				5BBDB3132A4063C6007B5184 /* Release */,
			);
			defaultConfigurationIsVisible = 0;
			defaultConfigurationName = Release;
		};
/* End XCConfigurationList section */
	};
	rootObject = 5BBDB2F52A4063C3007B5184 /* Project object */;
}
